
Microsoft Visual Studio Solution File, Format Version 12.00
# Visual Studio 15
VisualStudioVersion = 15.0.28307.757
MinimumVisualStudioVersion = 10.0.40219.1
Project("{8BC9CEB8-8B4A-11D0-8D11-00A0C91BC942}") = "11-3", "11-3\11-3.vcxproj", "{629ADF4E-D490-4517-821C-25455ED3282C}"
EndProject
Project("{8BC9CEB8-8B4A-11D0-8D11-00A0C91BC942}") = "11-4", "11-4\11-4.vcxproj", "{F4886D83-EBF4-4EA0-9542-FBFFC2C043A1}"
EndProject
Project("{8BC9CEB8-8B4A-11D0-8D11-00A0C91BC942}") = "11-5", "11-5\11-5.vcxproj", "{C26AA55C-0C76-4144-8325-49C9CA004209}"
EndProject
Project("{8BC9CEB8-8B4A-11D0-8D11-00A0C91BC942}") = "11-6", "11-6\11-6.vcxproj", "{DBA7874D-80B4-447C-9BED-2C7A9AA78281}"
EndProject
Project("{8BC9CEB8-8B4A-11D0-8D11-00A0C91BC942}") = "11-8", "11-8\11-8.vcxproj", "{5265B421-E699-4936-8F0C-28E91F58A96C}"
EndProject
Project("{8BC9CEB8-8B4A-11D0-8D11-00A0C91BC942}") = "11-9", "11-9\11-9.vcxproj", "{CC6B8358-8EFE-4D3D-98B6-FF8EF00D2B78}"
EndProject
Project("{8BC9CEB8-8B4A-11D0-8D11-00A0C91BC942}") = "589p-7", "589p-7\589p-7.vcxproj", "{09B1EADE-F137-41F0-AE3D-CFD61799F7E2}"
EndProject
Project("{8BC9CEB8-8B4A-11D0-8D11-00A0C91BC942}") = "11-10", "11-10\11-10.vcxproj", "{41120E62-BB2F-4951-8841-0960EC5CFE99}"
EndProject
Project("{8BC9CEB8-8B4A-11D0-8D11-00A0C91BC942}") = "11-12", "11-12\11-12.vcxproj", "{EC7F00BA-9FF1-47D7-AD1A-45E9296103CD}"
EndProject
Project("{8BC9CEB8-8B4A-11D0-8D11-00A0C91BC942}") = "11-13", "11-13\11-13.vcxproj", "{511C5DF6-5861-47C1-A73A-468D93B0CD5F}"
EndProject
Global
	GlobalSection(SolutionConfigurationPlatforms) = preSolution
		Debug|x64 = Debug|x64
		Debug|x86 = Debug|x86
		Release|x64 = Release|x64
		Release|x86 = Release|x86
	EndGlobalSection
	GlobalSection(ProjectConfigurationPlatforms) = postSolution
		{629ADF4E-D490-4517-821C-25455ED3282C}.Debug|x64.ActiveCfg = Debug|x64
		{629ADF4E-D490-4517-821C-25455ED3282C}.Debug|x64.Build.0 = Debug|x64
		{629ADF4E-D490-4517-821C-25455ED3282C}.Debug|x86.ActiveCfg = Debug|Win32
		{629ADF4E-D490-4517-821C-25455ED3282C}.Debug|x86.Build.0 = Debug|Win32
		{629ADF4E-D490-4517-821C-25455ED3282C}.Release|x64.ActiveCfg = Release|x64
		{629ADF4E-D490-4517-821C-25455ED3282C}.Release|x64.Build.0 = Release|x64
		{629ADF4E-D490-4517-821C-25455ED3282C}.Release|x86.ActiveCfg = Release|Win32
		{629ADF4E-D490-4517-821C-25455ED3282C}.Release|x86.Build.0 = Release|Win32
		{F4886D83-EBF4-4EA0-9542-FBFFC2C043A1}.Debug|x64.ActiveCfg = Debug|x64
		{F4886D83-EBF4-4EA0-9542-FBFFC2C043A1}.Debug|x64.Build.0 = Debug|x64
		{F4886D83-EBF4-4EA0-9542-FBFFC2C043A1}.Debug|x86.ActiveCfg = Debug|Win32
		{F4886D83-EBF4-4EA0-9542-FBFFC2C043A1}.Debug|x86.Build.0 = Debug|Win32
		{F4886D83-EBF4-4EA0-9542-FBFFC2C043A1}.Release|x64.ActiveCfg = Release|x64
		{F4886D83-EBF4-4EA0-9542-FBFFC2C043A1}.Release|x64.Build.0 = Release|x64
		{F4886D83-EBF4-4EA0-9542-FBFFC2C043A1}.Release|x86.ActiveCfg = Release|Win32
		{F4886D83-EBF4-4EA0-9542-FBFFC2C043A1}.Release|x86.Build.0 = Release|Win32
		{C26AA55C-0C76-4144-8325-49C9CA004209}.Debug|x64.ActiveCfg = Debug|x64
		{C26AA55C-0C76-4144-8325-49C9CA004209}.Debug|x64.Build.0 = Debug|x64
		{C26AA55C-0C76-4144-8325-49C9CA004209}.Debug|x86.ActiveCfg = Debug|Win32
		{C26AA55C-0C76-4144-8325-49C9CA004209}.Debug|x86.Build.0 = Debug|Win32
		{C26AA55C-0C76-4144-8325-49C9CA004209}.Release|x64.ActiveCfg = Release|x64
		{C26AA55C-0C76-4144-8325-49C9CA004209}.Release|x64.Build.0 = Release|x64
		{C26AA55C-0C76-4144-8325-49C9CA004209}.Release|x86.ActiveCfg = Release|Win32
		{C26AA55C-0C76-4144-8325-49C9CA004209}.Release|x86.Build.0 = Release|Win32
		{DBA7874D-80B4-447C-9BED-2C7A9AA78281}.Debug|x64.ActiveCfg = Debug|x64
		{DBA7874D-80B4-447C-9BED-2C7A9AA78281}.Debug|x64.Build.0 = Debug|x64
		{DBA7874D-80B4-447C-9BED-2C7A9AA78281}.Debug|x86.ActiveCfg = Debug|Win32
		{DBA7874D-80B4-447C-9BED-2C7A9AA78281}.Debug|x86.Build.0 = Debug|Win32
		{DBA7874D-80B4-447C-9BED-2C7A9AA78281}.Release|x64.ActiveCfg = Release|x64
		{DBA7874D-80B4-447C-9BED-2C7A9AA78281}.Release|x64.Build.0 = Release|x64
		{DBA7874D-80B4-447C-9BED-2C7A9AA78281}.Release|x86.ActiveCfg = Release|Win32
		{DBA7874D-80B4-447C-9BED-2C7A9AA78281}.Release|x86.Build.0 = Release|Win32
		{5265B421-E699-4936-8F0C-28E91F58A96C}.Debug|x64.ActiveCfg = Debug|x64
		{5265B421-E699-4936-8F0C-28E91F58A96C}.Debug|x64.Build.0 = Debug|x64
		{5265B421-E699-4936-8F0C-28E91F58A96C}.Debug|x86.ActiveCfg = Debug|Win32
		{5265B421-E699-4936-8F0C-28E91F58A96C}.Debug|x86.Build.0 = Debug|Win32
		{5265B421-E699-4936-8F0C-28E91F58A96C}.Release|x64.ActiveCfg = Release|x64
		{5265B421-E699-4936-8F0C-28E91F58A96C}.Release|x64.Build.0 = Release|x64
		{5265B421-E699-4936-8F0C-28E91F58A96C}.Release|x86.ActiveCfg = Release|Win32
		{5265B421-E699-4936-8F0C-28E91F58A96C}.Release|x86.Build.0 = Release|Win32
		{CC6B8358-8EFE-4D3D-98B6-FF8EF00D2B78}.Debug|x64.ActiveCfg = Debug|x64
		{CC6B8358-8EFE-4D3D-98B6-FF8EF00D2B78}.Debug|x64.Build.0 = Debug|x64
		{CC6B8358-8EFE-4D3D-98B6-FF8EF00D2B78}.Debug|x86.ActiveCfg = Debug|Win32
		{CC6B8358-8EFE-4D3D-98B6-FF8EF00D2B78}.Debug|x86.Build.0 = Debug|Win32
		{CC6B8358-8EFE-4D3D-98B6-FF8EF00D2B78}.Release|x64.ActiveCfg = Release|x64
		{CC6B8358-8EFE-4D3D-98B6-FF8EF00D2B78}.Release|x64.Build.0 = Release|x64
		{CC6B8358-8EFE-4D3D-98B6-FF8EF00D2B78}.Release|x86.ActiveCfg = Release|Win32
		{CC6B8358-8EFE-4D3D-98B6-FF8EF00D2B78}.Release|x86.Build.0 = Release|Win32
		{09B1EADE-F137-41F0-AE3D-CFD61799F7E2}.Debug|x64.ActiveCfg = Debug|x64
		{09B1EADE-F137-41F0-AE3D-CFD61799F7E2}.Debug|x64.Build.0 = Debug|x64
		{09B1EADE-F137-41F0-AE3D-CFD61799F7E2}.Debug|x86.ActiveCfg = Debug|Win32
		{09B1EADE-F137-41F0-AE3D-CFD61799F7E2}.Debug|x86.Build.0 = Debug|Win32
		{09B1EADE-F137-41F0-AE3D-CFD61799F7E2}.Release|x64.ActiveCfg = Release|x64
		{09B1EADE-F137-41F0-AE3D-CFD61799F7E2}.Release|x64.Build.0 = Release|x64
		{09B1EADE-F137-41F0-AE3D-CFD61799F7E2}.Release|x86.ActiveCfg = Release|Win32
		{09B1EADE-F137-41F0-AE3D-CFD61799F7E2}.Release|x86.Build.0 = Release|Win32
		{41120E62-BB2F-4951-8841-0960EC5CFE99}.Debug|x64.ActiveCfg = Debug|x64
		{41120E62-BB2F-4951-8841-0960EC5CFE99}.Debug|x64.Build.0 = Debug|x64
		{41120E62-BB2F-4951-8841-0960EC5CFE99}.Debug|x86.ActiveCfg = Debug|Win32
		{41120E62-BB2F-4951-8841-0960EC5CFE99}.Debug|x86.Build.0 = Debug|Win32
		{41120E62-BB2F-4951-8841-0960EC5CFE99}.Release|x64.ActiveCfg = Release|x64
		{41120E62-BB2F-4951-8841-0960EC5CFE99}.Release|x64.Build.0 = Release|x64
		{41120E62-BB2F-4951-8841-0960EC5CFE99}.Release|x86.ActiveCfg = Release|Win32
		{41120E62-BB2F-4951-8841-0960EC5CFE99}.Release|x86.Build.0 = Release|Win32
		{EC7F00BA-9FF1-47D7-AD1A-45E9296103CD}.Debug|x64.ActiveCfg = Debug|x64
		{EC7F00BA-9FF1-47D7-AD1A-45E9296103CD}.Debug|x64.Build.0 = Debug|x64
		{EC7F00BA-9FF1-47D7-AD1A-45E9296103CD}.Debug|x86.ActiveCfg = Debug|Win32
		{EC7F00BA-9FF1-47D7-AD1A-45E9296103CD}.Debug|x86.Build.0 = Debug|Win32
		{EC7F00BA-9FF1-47D7-AD1A-45E9296103CD}.Release|x64.ActiveCfg = Release|x64
		{EC7F00BA-9FF1-47D7-AD1A-45E9296103CD}.Release|x64.Build.0 = Release|x64
		{EC7F00BA-9FF1-47D7-AD1A-45E9296103CD}.Release|x86.ActiveCfg = Release|Win32
		{EC7F00BA-9FF1-47D7-AD1A-45E9296103CD}.Release|x86.Build.0 = Release|Win32
		{511C5DF6-5861-47C1-A73A-468D93B0CD5F}.Debug|x64.ActiveCfg = Debug|x64
		{511C5DF6-5861-47C1-A73A-468D93B0CD5F}.Debug|x64.Build.0 = Debug|x64
		{511C5DF6-5861-47C1-A73A-468D93B0CD5F}.Debug|x86.ActiveCfg = Debug|Win32
		{511C5DF6-5861-47C1-A73A-468D93B0CD5F}.Debug|x86.Build.0 = Debug|Win32
		{511C5DF6-5861-47C1-A73A-468D93B0CD5F}.Release|x64.ActiveCfg = Release|x64
		{511C5DF6-5861-47C1-A73A-468D93B0CD5F}.Release|x64.Build.0 = Release|x64
		{511C5DF6-5861-47C1-A73A-468D93B0CD5F}.Release|x86.ActiveCfg = Release|Win32
		{511C5DF6-5861-47C1-A73A-468D93B0CD5F}.Release|x86.Build.0 = Release|Win32
	EndGlobalSection
	GlobalSection(SolutionProperties) = preSolution
		HideSolutionNode = FALSE
	EndGlobalSection
	GlobalSection(ExtensibilityGlobals) = postSolution
		SolutionGuid = {80C0B475-A0FD-4E69-B769-7B8C090DB103}
	EndGlobalSection
EndGlobal
