
Microsoft Visual Studio Solution File, Format Version 12.00
# Visual Studio 15
VisualStudioVersion = 15.0.28307.757
MinimumVisualStudioVersion = 10.0.40219.1
Project("{8BC9CEB8-8B4A-11D0-8D11-00A0C91BC942}") = "4-1", "4-1\4-1.vcxproj", "{2429ABF9-B96A-411E-B4E8-8E7E65521F42}"
EndProject
Project("{8BC9CEB8-8B4A-11D0-8D11-00A0C91BC942}") = "4-2", "4-2\4-2.vcxproj", "{B5D67CAD-FAE9-4540-A9CA-970D166B423F}"
EndProject
Project("{8BC9CEB8-8B4A-11D0-8D11-00A0C91BC942}") = "4-4", "4-4\4-4.vcxproj", "{DBDF1419-8497-4C3A-90BD-89F47D209DDB}"
EndProject
Project("{8BC9CEB8-8B4A-11D0-8D11-00A0C91BC942}") = "4-8", "4-7\4-7.vcxproj", "{0B55FA69-23F8-4D6E-82DD-B61BC0179CF5}"
EndProject
Project("{8BC9CEB8-8B4A-11D0-8D11-00A0C91BC942}") = "4-9", "4-9\4-9.vcxproj", "{BD4981B0-2B2B-441F-9BD6-BC10E394C856}"
EndProject
Project("{8BC9CEB8-8B4A-11D0-8D11-00A0C91BC942}") = "4-11", "4-11\4-11.vcxproj", "{1874881A-8E42-40AD-A98F-891407CBE446}"
EndProject
Project("{8BC9CEB8-8B4A-11D0-8D11-00A0C91BC942}") = "4-13", "4-13\4-13.vcxproj", "{7A602FC7-66DE-4242-875D-2AE1059B5103}"
EndProject
Project("{8BC9CEB8-8B4A-11D0-8D11-00A0C91BC942}") = "4-15", "4-15\4-15.vcxproj", "{AEB72AC2-4DCF-4FD5-8D9C-87E6FBB41990}"
EndProject
Project("{8BC9CEB8-8B4A-11D0-8D11-00A0C91BC942}") = "4-12", "4-12\4-12.vcxproj", "{4C2940EC-2F85-46C3-85DF-472223138305}"
EndProject
Project("{8BC9CEB8-8B4A-11D0-8D11-00A0C91BC942}") = "4-14", "4-14\4-14.vcxproj", "{8A5EC828-B428-410B-ADB5-6121AB4296E4}"
EndProject
Global
	GlobalSection(SolutionConfigurationPlatforms) = preSolution
		Debug|x64 = Debug|x64
		Debug|x86 = Debug|x86
		Release|x64 = Release|x64
		Release|x86 = Release|x86
	EndGlobalSection
	GlobalSection(ProjectConfigurationPlatforms) = postSolution
		{2429ABF9-B96A-411E-B4E8-8E7E65521F42}.Debug|x64.ActiveCfg = Debug|x64
		{2429ABF9-B96A-411E-B4E8-8E7E65521F42}.Debug|x64.Build.0 = Debug|x64
		{2429ABF9-B96A-411E-B4E8-8E7E65521F42}.Debug|x86.ActiveCfg = Debug|Win32
		{2429ABF9-B96A-411E-B4E8-8E7E65521F42}.Debug|x86.Build.0 = Debug|Win32
		{2429ABF9-B96A-411E-B4E8-8E7E65521F42}.Release|x64.ActiveCfg = Release|x64
		{2429ABF9-B96A-411E-B4E8-8E7E65521F42}.Release|x64.Build.0 = Release|x64
		{2429ABF9-B96A-411E-B4E8-8E7E65521F42}.Release|x86.ActiveCfg = Release|Win32
		{2429ABF9-B96A-411E-B4E8-8E7E65521F42}.Release|x86.Build.0 = Release|Win32
		{B5D67CAD-FAE9-4540-A9CA-970D166B423F}.Debug|x64.ActiveCfg = Debug|x64
		{B5D67CAD-FAE9-4540-A9CA-970D166B423F}.Debug|x64.Build.0 = Debug|x64
		{B5D67CAD-FAE9-4540-A9CA-970D166B423F}.Debug|x86.ActiveCfg = Debug|Win32
		{B5D67CAD-FAE9-4540-A9CA-970D166B423F}.Debug|x86.Build.0 = Debug|Win32
		{B5D67CAD-FAE9-4540-A9CA-970D166B423F}.Release|x64.ActiveCfg = Release|x64
		{B5D67CAD-FAE9-4540-A9CA-970D166B423F}.Release|x64.Build.0 = Release|x64
		{B5D67CAD-FAE9-4540-A9CA-970D166B423F}.Release|x86.ActiveCfg = Release|Win32
		{B5D67CAD-FAE9-4540-A9CA-970D166B423F}.Release|x86.Build.0 = Release|Win32
		{DBDF1419-8497-4C3A-90BD-89F47D209DDB}.Debug|x64.ActiveCfg = Debug|x64
		{DBDF1419-8497-4C3A-90BD-89F47D209DDB}.Debug|x64.Build.0 = Debug|x64
		{DBDF1419-8497-4C3A-90BD-89F47D209DDB}.Debug|x86.ActiveCfg = Debug|Win32
		{DBDF1419-8497-4C3A-90BD-89F47D209DDB}.Debug|x86.Build.0 = Debug|Win32
		{DBDF1419-8497-4C3A-90BD-89F47D209DDB}.Release|x64.ActiveCfg = Release|x64
		{DBDF1419-8497-4C3A-90BD-89F47D209DDB}.Release|x64.Build.0 = Release|x64
		{DBDF1419-8497-4C3A-90BD-89F47D209DDB}.Release|x86.ActiveCfg = Release|Win32
		{DBDF1419-8497-4C3A-90BD-89F47D209DDB}.Release|x86.Build.0 = Release|Win32
		{0B55FA69-23F8-4D6E-82DD-B61BC0179CF5}.Debug|x64.ActiveCfg = Debug|x64
		{0B55FA69-23F8-4D6E-82DD-B61BC0179CF5}.Debug|x64.Build.0 = Debug|x64
		{0B55FA69-23F8-4D6E-82DD-B61BC0179CF5}.Debug|x86.ActiveCfg = Debug|Win32
		{0B55FA69-23F8-4D6E-82DD-B61BC0179CF5}.Debug|x86.Build.0 = Debug|Win32
		{0B55FA69-23F8-4D6E-82DD-B61BC0179CF5}.Release|x64.ActiveCfg = Release|x64
		{0B55FA69-23F8-4D6E-82DD-B61BC0179CF5}.Release|x64.Build.0 = Release|x64
		{0B55FA69-23F8-4D6E-82DD-B61BC0179CF5}.Release|x86.ActiveCfg = Release|Win32
		{0B55FA69-23F8-4D6E-82DD-B61BC0179CF5}.Release|x86.Build.0 = Release|Win32
		{BD4981B0-2B2B-441F-9BD6-BC10E394C856}.Debug|x64.ActiveCfg = Debug|x64
		{BD4981B0-2B2B-441F-9BD6-BC10E394C856}.Debug|x64.Build.0 = Debug|x64
		{BD4981B0-2B2B-441F-9BD6-BC10E394C856}.Debug|x86.ActiveCfg = Debug|Win32
		{BD4981B0-2B2B-441F-9BD6-BC10E394C856}.Debug|x86.Build.0 = Debug|Win32
		{BD4981B0-2B2B-441F-9BD6-BC10E394C856}.Release|x64.ActiveCfg = Release|x64
		{BD4981B0-2B2B-441F-9BD6-BC10E394C856}.Release|x64.Build.0 = Release|x64
		{BD4981B0-2B2B-441F-9BD6-BC10E394C856}.Release|x86.ActiveCfg = Release|Win32
		{BD4981B0-2B2B-441F-9BD6-BC10E394C856}.Release|x86.Build.0 = Release|Win32
		{1874881A-8E42-40AD-A98F-891407CBE446}.Debug|x64.ActiveCfg = Debug|x64
		{1874881A-8E42-40AD-A98F-891407CBE446}.Debug|x64.Build.0 = Debug|x64
		{1874881A-8E42-40AD-A98F-891407CBE446}.Debug|x86.ActiveCfg = Debug|Win32
		{1874881A-8E42-40AD-A98F-891407CBE446}.Debug|x86.Build.0 = Debug|Win32
		{1874881A-8E42-40AD-A98F-891407CBE446}.Release|x64.ActiveCfg = Release|x64
		{1874881A-8E42-40AD-A98F-891407CBE446}.Release|x64.Build.0 = Release|x64
		{1874881A-8E42-40AD-A98F-891407CBE446}.Release|x86.ActiveCfg = Release|Win32
		{1874881A-8E42-40AD-A98F-891407CBE446}.Release|x86.Build.0 = Release|Win32
		{7A602FC7-66DE-4242-875D-2AE1059B5103}.Debug|x64.ActiveCfg = Debug|x64
		{7A602FC7-66DE-4242-875D-2AE1059B5103}.Debug|x64.Build.0 = Debug|x64
		{7A602FC7-66DE-4242-875D-2AE1059B5103}.Debug|x86.ActiveCfg = Debug|Win32
		{7A602FC7-66DE-4242-875D-2AE1059B5103}.Debug|x86.Build.0 = Debug|Win32
		{7A602FC7-66DE-4242-875D-2AE1059B5103}.Release|x64.ActiveCfg = Release|x64
		{7A602FC7-66DE-4242-875D-2AE1059B5103}.Release|x64.Build.0 = Release|x64
		{7A602FC7-66DE-4242-875D-2AE1059B5103}.Release|x86.ActiveCfg = Release|Win32
		{7A602FC7-66DE-4242-875D-2AE1059B5103}.Release|x86.Build.0 = Release|Win32
		{AEB72AC2-4DCF-4FD5-8D9C-87E6FBB41990}.Debug|x64.ActiveCfg = Debug|x64
		{AEB72AC2-4DCF-4FD5-8D9C-87E6FBB41990}.Debug|x64.Build.0 = Debug|x64
		{AEB72AC2-4DCF-4FD5-8D9C-87E6FBB41990}.Debug|x86.ActiveCfg = Debug|Win32
		{AEB72AC2-4DCF-4FD5-8D9C-87E6FBB41990}.Debug|x86.Build.0 = Debug|Win32
		{AEB72AC2-4DCF-4FD5-8D9C-87E6FBB41990}.Release|x64.ActiveCfg = Release|x64
		{AEB72AC2-4DCF-4FD5-8D9C-87E6FBB41990}.Release|x64.Build.0 = Release|x64
		{AEB72AC2-4DCF-4FD5-8D9C-87E6FBB41990}.Release|x86.ActiveCfg = Release|Win32
		{AEB72AC2-4DCF-4FD5-8D9C-87E6FBB41990}.Release|x86.Build.0 = Release|Win32
		{4C2940EC-2F85-46C3-85DF-472223138305}.Debug|x64.ActiveCfg = Debug|x64
		{4C2940EC-2F85-46C3-85DF-472223138305}.Debug|x64.Build.0 = Debug|x64
		{4C2940EC-2F85-46C3-85DF-472223138305}.Debug|x86.ActiveCfg = Debug|Win32
		{4C2940EC-2F85-46C3-85DF-472223138305}.Debug|x86.Build.0 = Debug|Win32
		{4C2940EC-2F85-46C3-85DF-472223138305}.Release|x64.ActiveCfg = Release|x64
		{4C2940EC-2F85-46C3-85DF-472223138305}.Release|x64.Build.0 = Release|x64
		{4C2940EC-2F85-46C3-85DF-472223138305}.Release|x86.ActiveCfg = Release|Win32
		{4C2940EC-2F85-46C3-85DF-472223138305}.Release|x86.Build.0 = Release|Win32
		{8A5EC828-B428-410B-ADB5-6121AB4296E4}.Debug|x64.ActiveCfg = Debug|x64
		{8A5EC828-B428-410B-ADB5-6121AB4296E4}.Debug|x64.Build.0 = Debug|x64
		{8A5EC828-B428-410B-ADB5-6121AB4296E4}.Debug|x86.ActiveCfg = Debug|Win32
		{8A5EC828-B428-410B-ADB5-6121AB4296E4}.Debug|x86.Build.0 = Debug|Win32
		{8A5EC828-B428-410B-ADB5-6121AB4296E4}.Release|x64.ActiveCfg = Release|x64
		{8A5EC828-B428-410B-ADB5-6121AB4296E4}.Release|x64.Build.0 = Release|x64
		{8A5EC828-B428-410B-ADB5-6121AB4296E4}.Release|x86.ActiveCfg = Release|Win32
		{8A5EC828-B428-410B-ADB5-6121AB4296E4}.Release|x86.Build.0 = Release|Win32
	EndGlobalSection
	GlobalSection(SolutionProperties) = preSolution
		HideSolutionNode = FALSE
	EndGlobalSection
	GlobalSection(ExtensibilityGlobals) = postSolution
		SolutionGuid = {76B111AD-4D4E-4C30-ADB8-5D63FC5B2BC5}
	EndGlobalSection
EndGlobal
