
Microsoft Visual Studio Solution File, Format Version 12.00
# Visual Studio 15
VisualStudioVersion = 15.0.28307.757
MinimumVisualStudioVersion = 10.0.40219.1
Project("{8BC9CEB8-8B4A-11D0-8D11-00A0C91BC942}") = "12-1", "12-1\12-1.vcxproj", "{61B44307-B841-4677-8445-F892CADC854E}"
EndProject
Project("{8BC9CEB8-8B4A-11D0-8D11-00A0C91BC942}") = "12-2", "12-2\12-2.vcxproj", "{6477B455-B3AA-40FD-A67A-B3B3E5F20878}"
EndProject
Project("{8BC9CEB8-8B4A-11D0-8D11-00A0C91BC942}") = "12-3", "12-3\12-3.vcxproj", "{555D984D-12B6-4EE2-A238-B6BC0F925043}"
EndProject
Project("{8BC9CEB8-8B4A-11D0-8D11-00A0C91BC942}") = "12-4", "12-4\12-4.vcxproj", "{00C1ED78-973A-4558-A3D1-E81C4F722BEE}"
EndProject
Project("{8BC9CEB8-8B4A-11D0-8D11-00A0C91BC942}") = "12-5", "12-5\12-5.vcxproj", "{2BDFDB5C-D4AB-457E-970C-345D0159FA3D}"
EndProject
Project("{8BC9CEB8-8B4A-11D0-8D11-00A0C91BC942}") = "12-6", "12-6\12-6.vcxproj", "{C213F7FF-321C-4512-AF24-084DCADC0162}"
EndProject
Project("{8BC9CEB8-8B4A-11D0-8D11-00A0C91BC942}") = "12-7", "12-7\12-7.vcxproj", "{92B07808-1C25-4936-B591-26D9DDD898B3}"
EndProject
Project("{8BC9CEB8-8B4A-11D0-8D11-00A0C91BC942}") = "12-12", "12-12\12-12.vcxproj", "{1239655F-9036-4DAA-8591-CC2C4B3C4662}"
EndProject
Global
	GlobalSection(SolutionConfigurationPlatforms) = preSolution
		Debug|x64 = Debug|x64
		Debug|x86 = Debug|x86
		Release|x64 = Release|x64
		Release|x86 = Release|x86
	EndGlobalSection
	GlobalSection(ProjectConfigurationPlatforms) = postSolution
		{61B44307-B841-4677-8445-F892CADC854E}.Debug|x64.ActiveCfg = Debug|x64
		{61B44307-B841-4677-8445-F892CADC854E}.Debug|x64.Build.0 = Debug|x64
		{61B44307-B841-4677-8445-F892CADC854E}.Debug|x86.ActiveCfg = Debug|Win32
		{61B44307-B841-4677-8445-F892CADC854E}.Debug|x86.Build.0 = Debug|Win32
		{61B44307-B841-4677-8445-F892CADC854E}.Release|x64.ActiveCfg = Release|x64
		{61B44307-B841-4677-8445-F892CADC854E}.Release|x64.Build.0 = Release|x64
		{61B44307-B841-4677-8445-F892CADC854E}.Release|x86.ActiveCfg = Release|Win32
		{61B44307-B841-4677-8445-F892CADC854E}.Release|x86.Build.0 = Release|Win32
		{6477B455-B3AA-40FD-A67A-B3B3E5F20878}.Debug|x64.ActiveCfg = Debug|x64
		{6477B455-B3AA-40FD-A67A-B3B3E5F20878}.Debug|x64.Build.0 = Debug|x64
		{6477B455-B3AA-40FD-A67A-B3B3E5F20878}.Debug|x86.ActiveCfg = Debug|Win32
		{6477B455-B3AA-40FD-A67A-B3B3E5F20878}.Debug|x86.Build.0 = Debug|Win32
		{6477B455-B3AA-40FD-A67A-B3B3E5F20878}.Release|x64.ActiveCfg = Release|x64
		{6477B455-B3AA-40FD-A67A-B3B3E5F20878}.Release|x64.Build.0 = Release|x64
		{6477B455-B3AA-40FD-A67A-B3B3E5F20878}.Release|x86.ActiveCfg = Release|Win32
		{6477B455-B3AA-40FD-A67A-B3B3E5F20878}.Release|x86.Build.0 = Release|Win32
		{555D984D-12B6-4EE2-A238-B6BC0F925043}.Debug|x64.ActiveCfg = Debug|x64
		{555D984D-12B6-4EE2-A238-B6BC0F925043}.Debug|x64.Build.0 = Debug|x64
		{555D984D-12B6-4EE2-A238-B6BC0F925043}.Debug|x86.ActiveCfg = Debug|Win32
		{555D984D-12B6-4EE2-A238-B6BC0F925043}.Debug|x86.Build.0 = Debug|Win32
		{555D984D-12B6-4EE2-A238-B6BC0F925043}.Release|x64.ActiveCfg = Release|x64
		{555D984D-12B6-4EE2-A238-B6BC0F925043}.Release|x64.Build.0 = Release|x64
		{555D984D-12B6-4EE2-A238-B6BC0F925043}.Release|x86.ActiveCfg = Release|Win32
		{555D984D-12B6-4EE2-A238-B6BC0F925043}.Release|x86.Build.0 = Release|Win32
		{00C1ED78-973A-4558-A3D1-E81C4F722BEE}.Debug|x64.ActiveCfg = Debug|x64
		{00C1ED78-973A-4558-A3D1-E81C4F722BEE}.Debug|x64.Build.0 = Debug|x64
		{00C1ED78-973A-4558-A3D1-E81C4F722BEE}.Debug|x86.ActiveCfg = Debug|Win32
		{00C1ED78-973A-4558-A3D1-E81C4F722BEE}.Debug|x86.Build.0 = Debug|Win32
		{00C1ED78-973A-4558-A3D1-E81C4F722BEE}.Release|x64.ActiveCfg = Release|x64
		{00C1ED78-973A-4558-A3D1-E81C4F722BEE}.Release|x64.Build.0 = Release|x64
		{00C1ED78-973A-4558-A3D1-E81C4F722BEE}.Release|x86.ActiveCfg = Release|Win32
		{00C1ED78-973A-4558-A3D1-E81C4F722BEE}.Release|x86.Build.0 = Release|Win32
		{2BDFDB5C-D4AB-457E-970C-345D0159FA3D}.Debug|x64.ActiveCfg = Debug|x64
		{2BDFDB5C-D4AB-457E-970C-345D0159FA3D}.Debug|x64.Build.0 = Debug|x64
		{2BDFDB5C-D4AB-457E-970C-345D0159FA3D}.Debug|x86.ActiveCfg = Debug|Win32
		{2BDFDB5C-D4AB-457E-970C-345D0159FA3D}.Debug|x86.Build.0 = Debug|Win32
		{2BDFDB5C-D4AB-457E-970C-345D0159FA3D}.Release|x64.ActiveCfg = Release|x64
		{2BDFDB5C-D4AB-457E-970C-345D0159FA3D}.Release|x64.Build.0 = Release|x64
		{2BDFDB5C-D4AB-457E-970C-345D0159FA3D}.Release|x86.ActiveCfg = Release|Win32
		{2BDFDB5C-D4AB-457E-970C-345D0159FA3D}.Release|x86.Build.0 = Release|Win32
		{C213F7FF-321C-4512-AF24-084DCADC0162}.Debug|x64.ActiveCfg = Debug|x64
		{C213F7FF-321C-4512-AF24-084DCADC0162}.Debug|x64.Build.0 = Debug|x64
		{C213F7FF-321C-4512-AF24-084DCADC0162}.Debug|x86.ActiveCfg = Debug|Win32
		{C213F7FF-321C-4512-AF24-084DCADC0162}.Debug|x86.Build.0 = Debug|Win32
		{C213F7FF-321C-4512-AF24-084DCADC0162}.Release|x64.ActiveCfg = Release|x64
		{C213F7FF-321C-4512-AF24-084DCADC0162}.Release|x64.Build.0 = Release|x64
		{C213F7FF-321C-4512-AF24-084DCADC0162}.Release|x86.ActiveCfg = Release|Win32
		{C213F7FF-321C-4512-AF24-084DCADC0162}.Release|x86.Build.0 = Release|Win32
		{92B07808-1C25-4936-B591-26D9DDD898B3}.Debug|x64.ActiveCfg = Debug|x64
		{92B07808-1C25-4936-B591-26D9DDD898B3}.Debug|x64.Build.0 = Debug|x64
		{92B07808-1C25-4936-B591-26D9DDD898B3}.Debug|x86.ActiveCfg = Debug|Win32
		{92B07808-1C25-4936-B591-26D9DDD898B3}.Debug|x86.Build.0 = Debug|Win32
		{92B07808-1C25-4936-B591-26D9DDD898B3}.Release|x64.ActiveCfg = Release|x64
		{92B07808-1C25-4936-B591-26D9DDD898B3}.Release|x64.Build.0 = Release|x64
		{92B07808-1C25-4936-B591-26D9DDD898B3}.Release|x86.ActiveCfg = Release|Win32
		{92B07808-1C25-4936-B591-26D9DDD898B3}.Release|x86.Build.0 = Release|Win32
		{1239655F-9036-4DAA-8591-CC2C4B3C4662}.Debug|x64.ActiveCfg = Debug|x64
		{1239655F-9036-4DAA-8591-CC2C4B3C4662}.Debug|x64.Build.0 = Debug|x64
		{1239655F-9036-4DAA-8591-CC2C4B3C4662}.Debug|x86.ActiveCfg = Debug|Win32
		{1239655F-9036-4DAA-8591-CC2C4B3C4662}.Debug|x86.Build.0 = Debug|Win32
		{1239655F-9036-4DAA-8591-CC2C4B3C4662}.Release|x64.ActiveCfg = Release|x64
		{1239655F-9036-4DAA-8591-CC2C4B3C4662}.Release|x64.Build.0 = Release|x64
		{1239655F-9036-4DAA-8591-CC2C4B3C4662}.Release|x86.ActiveCfg = Release|Win32
		{1239655F-9036-4DAA-8591-CC2C4B3C4662}.Release|x86.Build.0 = Release|Win32
	EndGlobalSection
	GlobalSection(SolutionProperties) = preSolution
		HideSolutionNode = FALSE
	EndGlobalSection
	GlobalSection(ExtensibilityGlobals) = postSolution
		SolutionGuid = {DA8A5F0F-AFB8-4A39-AB97-66105218AD87}
	EndGlobalSection
EndGlobal
